
Microsoft Visual Studio Solution File, Format Version 12.00
# Visual Studio Version 17
VisualStudioVersion = 17.10.35122.118
MinimumVisualStudioVersion = 10.0.40219.1
Project("{8BC9CEB8-8B4A-11D0-8D11-00A0C91BC942}") = "cb4_ac", "cb4_ac.vcxproj", "{9EA00E7D-FE8F-4A9F-AE02-FEAEA4BEDFE4}"
EndProject
Global
	GlobalSection(SolutionConfigurationPlatforms) = preSolution
		Debug|x64 = Debug|x64
		Debug|x86 = Debug|x86
		Release|x64 = Release|x64
		Release|x86 = Release|x86
	EndGlobalSection
	GlobalSection(ProjectConfigurationPlatforms) = postSolution
		{9EA00E7D-FE8F-4A9F-AE02-FEAEA4BEDFE4}.Debug|x64.ActiveCfg = Debug|x64
		{9EA00E7D-FE8F-4A9F-AE02-FEAEA4BEDFE4}.Debug|x64.Build.0 = Debug|x64
		{9EA00E7D-FE8F-4A9F-AE02-FEAEA4BEDFE4}.Debug|x86.ActiveCfg = Debug|Win32
		{9EA00E7D-FE8F-4A9F-AE02-FEAEA4BEDFE4}.Debug|x86.Build.0 = Debug|Win32
		{9EA00E7D-FE8F-4A9F-AE02-FEAEA4BEDFE4}.Release|x64.ActiveCfg = Release|x64
		{9EA00E7D-FE8F-4A9F-AE02-FEAEA4BEDFE4}.Release|x64.Build.0 = Release|x64
		{9EA00E7D-FE8F-4A9F-AE02-FEAEA4BEDFE4}.Release|x86.ActiveCfg = Release|Win32
		{9EA00E7D-FE8F-4A9F-AE02-FEAEA4BEDFE4}.Release|x86.Build.0 = Release|Win32
	EndGlobalSection
	GlobalSection(SolutionProperties) = preSolution
		HideSolutionNode = FALSE
	EndGlobalSection
	GlobalSection(ExtensibilityGlobals) = postSolution
		SolutionGuid = {BDE99F07-1DCB-45F7-9320-13A2EEF3B020}
	EndGlobalSection
EndGlobal
